{
  "originHash" : "c483492227b2f50c6a5b5618ac33c6324d4a66de3c4501e4dfd4e57ae96c8cb4",
  "pins" : [
    {
      "identity" : "macrotemplatekit",
      "kind" : "remoteSourceControl",
      "location" : "https://github.com/brunogama/MacroTemplateKit.git",
      "state" : {
        "revision" : "c1a20d6ba80557017947832528bbf531318106c9",
        "version" : "0.0.6"
      }
    },
    {
      "identity" : "swift-argument-parser",
      "kind" : "remoteSourceControl",
      "location" : "https://github.com/apple/swift-argument-parser",
      "state" : {
        "revision" : "c5d11a805e765f52ba34ec7284bd4fcd6ba68615",
        "version" : "1.7.0"
      }
    },
    {
      "identity" : "swift-benchmark",
      "kind" : "remoteSourceControl",
      "location" : "https://github.com/google/swift-benchmark",
      "state" : {
        "revision" : "8163295f6fe82356b0bcf8e1ab991645de17d096",
        "version" : "0.1.2"
      }
    },
    {
      "identity" : "swift-syntax",
      "kind" : "remoteSourceControl",
      "location" : "https://github.com/swiftlang/swift-syntax",
      "state" : {
        "revision" : "4799286537280063c85a32f09884cfbca301b1a1",
        "version" : "602.0.0"
      }
    }
  ],
  "version" : 3
}
